<?xml version="1.0" encoding="utf-8"?>
<Project ToolsVersion="4.0" xmlns="http://schemas.microsoft.com/developer/msbuild/2003">
  <ItemGroup>
    <Filter Include="Modules">
      <UniqueIdentifier>{419b7fb3-08c5-44c9-b23a-984a81b20586}</UniqueIdentifier>
    </Filter>
    <Filter Include="Shared">
      <UniqueIdentifier>{9b72984f-0b49-4520-a2af-e566e6dbfba0}</UniqueIdentifier>
    </Filter>
  </ItemGroup>
  <ItemGroup>
    <None Include="..\..\LXS_Firmware.ino" />
  </ItemGroup>
  <ItemGroup>
    <ClInclude Include="..\..\LXS_Config.h">
      <Filter>Shared</Filter>
    </ClInclude>
    <ClInclude Include="..\..\LXS_Constants.h">
      <Filter>Shared</Filter>
    </ClInclude>
    <ClInclude Include="..\..\LXS_Debug.h">
      <Filter>Shared</Filter>
    </ClInclude>
    <ClInclude Include="..\..\LXS_Macros.h">
      <Filter>Shared</Filter>
    </ClInclude>
    <ClInclude Include="..\..\LXS_Types.h">
      <Filter>Shared</Filter>
    </ClInclude>
    <ClInclude Include="..\..\LXS_Clock.h">
      <Filter>Modules</Filter>
    </ClInclude>
    <ClInclude Include="..\..\LXS_App.h" />
    <ClInclude Include="..\..\LXS_Sequence.h">
      <Filter>Modules</Filter>
    </ClInclude>
    <ClInclude Include="..\..\LXS_LCDDebugScreens.h">
      <Filter>Modules</Filter>
    </ClInclude>
    <ClInclude Include="..\..\LXS_LCD.h">
      <Filter>Modules</Filter>
    </ClInclude>
    <ClInclude Include="..\..\LXS_Note.h">
      <Filter>Modules</Filter>
    </ClInclude>
    <ClInclude Include="..\..\LXS_NoteList.h">
      <Filter>Modules</Filter>
    </ClInclude>
    <ClInclude Include="__vm\.LXS_Firmware.vsarduino.h" />
  </ItemGroup>
  <ItemGroup>
    <ClCompile Include="..\..\LXS_Constants.cpp">
      <Filter>Shared</Filter>
    </ClCompile>
    <ClCompile Include="..\..\LXS_Clock.cpp">
      <Filter>Modules</Filter>
    </ClCompile>
    <ClCompile Include="..\..\LXS_App.cpp" />
    <ClCompile Include="..\..\LXS_Sequence.cpp">
      <Filter>Modules</Filter>
    </ClCompile>
    <ClCompile Include="..\..\LXS_LCDDebugScreens.cpp">
      <Filter>Modules</Filter>
    </ClCompile>
    <ClCompile Include="..\..\LXS_LCD.cpp">
      <Filter>Modules</Filter>
    </ClCompile>
    <ClCompile Include="..\..\LXS_Note.cpp">
      <Filter>Modules</Filter>
    </ClCompile>
    <ClCompile Include="..\..\LXS_NoteList.cpp">
      <Filter>Modules</Filter>
    </ClCompile>
  </ItemGroup>
</Project>